
Microsoft Visual Studio Solution File, Format Version 12.00
# Visual Studio Version 17
VisualStudioVersion = 17.0.32112.339
MinimumVisualStudioVersion = 10.0.40219.1
Project("{FAE04EC0-301F-11D3-BF4B-00C04F79EFBC}") = "basic_mvvm", "basic_mvvm.csproj", "{8C7EFAB3-9F75-43A7-9724-5B102D3F0CE0}"
EndProject
Global
	GlobalSection(SolutionConfigurationPlatforms) = preSolution
		Debug|Any CPU = Debug|Any CPU
		Release|Any CPU = Release|Any CPU
	EndGlobalSection
	GlobalSection(ProjectConfigurationPlatforms) = postSolution
		{8C7EFAB3-9F75-43A7-9724-5B102D3F0CE0}.Debug|Any CPU.ActiveCfg = Debug|Any CPU
		{8C7EFAB3-9F75-43A7-9724-5B102D3F0CE0}.Debug|Any CPU.Build.0 = Debug|Any CPU
		{8C7EFAB3-9F75-43A7-9724-5B102D3F0CE0}.Release|Any CPU.ActiveCfg = Release|Any CPU
		{8C7EFAB3-9F75-43A7-9724-5B102D3F0CE0}.Release|Any CPU.Build.0 = Release|Any CPU
	EndGlobalSection
	GlobalSection(SolutionProperties) = preSolution
		HideSolutionNode = FALSE
	EndGlobalSection
	GlobalSection(ExtensibilityGlobals) = postSolution
		SolutionGuid = {7EE79EB3-0CEC-4461-86D8-8F8D9A29A833}
	EndGlobalSection
EndGlobal
